
Microsoft Visual Studio Solution File, Format Version 12.00
# Visual Studio Version 17
VisualStudioVersion = 17.12.35527.113
MinimumVisualStudioVersion = 10.0.40219.1
Project("{2150E333-8FDC-42A3-9474-1A3956D46DE8}") = "src", "src", "{693C2110-3D9E-452C-9EED-79BBBEEA5582}"
EndProject
Project("{2150E333-8FDC-42A3-9474-1A3956D46DE8}") = "tests", "tests", "{AA273B49-A3D0-4683-A0F2-048DCBC2D0F1}"
EndProject
Project("{FAE04EC0-301F-11D3-BF4B-00C04F79EFBC}") = "BlazorTasks", "src\BlazorTasks\BlazorTasks.csproj", "{601436EF-C903-47F7-8F8B-61A3A1F2E25E}"
EndProject
Project("{FAE04EC0-301F-11D3-BF4B-00C04F79EFBC}") = "BlazorTasks.UnitTests", "tests\BlazorTasks.UnitTests\BlazorTasks.UnitTests.csproj", "{B9A23A6F-FDD0-4A5F-B721-B6E94E167DEC}"
EndProject
Global
	GlobalSection(SolutionConfigurationPlatforms) = preSolution
		Debug|Any CPU = Debug|Any CPU
		Release|Any CPU = Release|Any CPU
	EndGlobalSection
	GlobalSection(ProjectConfigurationPlatforms) = postSolution
		{601436EF-C903-47F7-8F8B-61A3A1F2E25E}.Debug|Any CPU.ActiveCfg = Debug|Any CPU
		{601436EF-C903-47F7-8F8B-61A3A1F2E25E}.Debug|Any CPU.Build.0 = Debug|Any CPU
		{601436EF-C903-47F7-8F8B-61A3A1F2E25E}.Release|Any CPU.ActiveCfg = Release|Any CPU
		{601436EF-C903-47F7-8F8B-61A3A1F2E25E}.Release|Any CPU.Build.0 = Release|Any CPU
		{B9A23A6F-FDD0-4A5F-B721-B6E94E167DEC}.Debug|Any CPU.ActiveCfg = Debug|Any CPU
		{B9A23A6F-FDD0-4A5F-B721-B6E94E167DEC}.Debug|Any CPU.Build.0 = Debug|Any CPU
		{B9A23A6F-FDD0-4A5F-B721-B6E94E167DEC}.Release|Any CPU.ActiveCfg = Release|Any CPU
		{B9A23A6F-FDD0-4A5F-B721-B6E94E167DEC}.Release|Any CPU.Build.0 = Release|Any CPU
	EndGlobalSection
	GlobalSection(SolutionProperties) = preSolution
		HideSolutionNode = FALSE
	EndGlobalSection
	GlobalSection(NestedProjects) = preSolution
		{601436EF-C903-47F7-8F8B-61A3A1F2E25E} = {693C2110-3D9E-452C-9EED-79BBBEEA5582}
		{B9A23A6F-FDD0-4A5F-B721-B6E94E167DEC} = {AA273B49-A3D0-4683-A0F2-048DCBC2D0F1}
	EndGlobalSection
EndGlobal
